{
    "_meta": {
        "hash": {
            "sha256": "f305f0b3315ebbce4d1ce2c1b820546bba0c8201a24c32246098b93b2e569d53"
        },
        "pipfile-spec": 6,
        "requires": {
            "python_version": "3.10"
        },
        "sources": [
            {
                "name": "pypi",
                "url": "https://pypi.org/simple",
                "verify_ssl": true
            }
        ]
    },
    "default": {
        "llvmlite": {
            "hashes": [
                "sha256:03aee0ccd81735696474dc4f8b6be60774892a2929d6c05d093d17392c237f32",
                "sha256:1578f5000fdce513712e99543c50e93758a954297575610f48cb1fd71b27c08a",
                "sha256:16f56eb1eec3cda3a5c526bc3f63594fc24e0c8d219375afeb336f289764c6c7",
                "sha256:1ec3d70b3e507515936e475d9811305f52d049281eaa6c8273448a61c9b5b7e2",
                "sha256:22d36591cd5d02038912321d9ab8e4668e53ae2211da5523f454e992b5e13c36",
                "sha256:3803f11ad5f6f6c3d2b545a303d68d9fabb1d50e06a8d6418e6fcd2d0df00959",
                "sha256:39dc2160aed36e989610fc403487f11b8764b6650017ff367e45384dff88ffbf",
                "sha256:3fc14e757bc07a919221f0cbaacb512704ce5774d7fcada793f1996d6bc75f2a",
                "sha256:4c6ebace910410daf0bebda09c1859504fc2f33d122e9a971c4c349c89cca630",
                "sha256:50aea09a2b933dab7c9df92361b1844ad3145bfb8dd2deb9cd8b8917d59306fb",
                "sha256:60f8dd1e76f47b3dbdee4b38d9189f3e020d22a173c00f930b52131001d801f9",
                "sha256:62c0ea22e0b9dffb020601bb65cb11dd967a095a488be73f07d8867f4e327ca5",
                "sha256:6546bed4e02a1c3d53a22a0bced254b3b6894693318b16c16c8e43e29d6befb6",
                "sha256:6717c7a6e93c9d2c3d07c07113ec80ae24af45cde536b34363d4bcd9188091d9",
                "sha256:7ebf1eb9badc2a397d4f6a6c8717447c81ac011db00064a00408bc83c923c0e4",
                "sha256:9ffc84ade195abd4abcf0bd3b827b9140ae9ef90999429b9ea84d5df69c9058c",
                "sha256:a3f331a323d0f0ada6b10d60182ef06c20a2f01be21699999d204c5750ffd0b4",
                "sha256:b1a0bbdb274fb683f993198775b957d29a6f07b45d184c571ef2a721ce4388cf",
                "sha256:b43abd7c82e805261c425d50335be9a6c4f84264e34d6d6e475207300005d572",
                "sha256:c0f158e4708dda6367d21cf15afc58de4ebce979c7a1aa2f6b977aae737e2a54",
                "sha256:d0bfd18c324549c0fec2c5dc610fd024689de6f27c6cc67e4e24a07541d6e49b",
                "sha256:ddab526c5a2c4ccb8c9ec4821fcea7606933dc53f510e2a6eebb45a418d3488a",
                "sha256:e172c73fccf7d6db4bd6f7de963dedded900d1a5c6778733241d878ba613980e",
                "sha256:e2c00ff204afa721b0bb9835b5bf1ba7fba210eefcec5552a9e05a63219ba0dc",
                "sha256:e31f4b799d530255aaf0566e3da2df5bfc35d3cd9d6d5a3dcc251663656c27b1",
                "sha256:e4f212c018db951da3e1dc25c2651abc688221934739721f2dad5ff1dd5f90e7",
                "sha256:fa9b26939ae553bf30a9f5c4c754db0fb2d2677327f2511e674aa2f5df941789",
                "sha256:fb62fc7016b592435d3e3a8f680e3ea8897c3c9e62e6e6cc58011e7a4801439e"
            ],
            "markers": "python_version >= '3.7'",
            "version": "==0.39.1"
        },
        "numba": {
            "hashes": [
                "sha256:0240f9026b015e336069329839208ebd70ec34ae5bfbf402e4fcc8e06197528e",
                "sha256:03634579d10a6129181129de293dd6b5eaabee86881369d24d63f8fe352dd6cb",
                "sha256:03fe94cd31e96185cce2fae005334a8cc712fc2ba7756e52dff8c9400718173f",
                "sha256:0611e6d3eebe4cb903f1a836ffdb2bda8d18482bcd0a0dcc56e79e2aa3fefef5",
                "sha256:0da583c532cd72feefd8e551435747e0e0fbb3c0530357e6845fcc11e38d6aea",
                "sha256:14dbbabf6ffcd96ee2ac827389afa59a70ffa9f089576500434c34abf9b054a4",
                "sha256:32d9fef412c81483d7efe0ceb6cf4d3310fde8b624a9cecca00f790573ac96ee",
                "sha256:3a993349b90569518739009d8f4b523dfedd7e0049e6838c0e17435c3e70dcc4",
                "sha256:3cb1a07a082a61df80a468f232e452d818f5ae254b40c26390054e4e868556e0",
                "sha256:42f9e1be942b215df7e6cc9948cf9c15bb8170acc8286c063a9e57994ef82fd1",
                "sha256:4373da9757049db7c90591e9ec55a2e97b2b36ba7ae3bf9c956a513374077470",
                "sha256:4e08e203b163ace08bad500b0c16f6092b1eb34fd1fce4feaf31a67a3a5ecf3b",
                "sha256:553da2ce74e8862e18a72a209ed3b6d2924403bdd0fb341fa891c6455545ba7c",
                "sha256:720886b852a2d62619ae3900fe71f1852c62db4f287d0c275a60219e1643fc04",
                "sha256:85dbaed7a05ff96492b69a8900c5ba605551afb9b27774f7f10511095451137c",
                "sha256:8a95ca9cc77ea4571081f6594e08bd272b66060634b8324e99cd1843020364f9",
                "sha256:91f021145a8081f881996818474ef737800bcc613ffb1e618a655725a0f9e246",
                "sha256:9f62672145f8669ec08762895fe85f4cf0ead08ce3164667f2b94b2f62ab23c3",
                "sha256:a12ef323c0f2101529d455cfde7f4135eaa147bad17afe10b48634f796d96abd",
                "sha256:c602d015478b7958408d788ba00a50272649c5186ea8baa6cf71d4a1c761bba1",
                "sha256:c75e8a5f810ce80a0cfad6e74ee94f9fde9b40c81312949bf356b7304ef20740",
                "sha256:d0ae9270a7a5cc0ede63cd234b4ff1ce166c7a749b91dbbf45e0000c56d3eade",
                "sha256:d69ad934e13c15684e7887100a8f5f0f61d7a8e57e0fd29d9993210089a5b531",
                "sha256:dbcc847bac2d225265d054993a7f910fda66e73d6662fe7156452cac0325b073",
                "sha256:e64d338b504c9394a4a34942df4627e1e6cb07396ee3b49fe7b8d6420aa5104f",
                "sha256:f4cfc3a19d1e26448032049c79fc60331b104f694cf570a9e94f4e2c9d0932bb",
                "sha256:fbfb45e7b297749029cb28694abf437a78695a100e7c2033983d69f0ba2698d4",
                "sha256:fcdf84ba3ed8124eb7234adfbb8792f311991cbf8aed1cad4b1b1a7ee08380c1"
            ],
            "index": "pypi",
            "version": "==0.56.4"
        },
        "numpy": {
            "hashes": [
                "sha256:01dd17cbb340bf0fc23981e52e1d18a9d4050792e8fb8363cecbf066a84b827d",
                "sha256:06005a2ef6014e9956c09ba07654f9837d9e26696a0470e42beedadb78c11b07",
                "sha256:09b7847f7e83ca37c6e627682f145856de331049013853f344f37b0c9690e3df",
                "sha256:0aaee12d8883552fadfc41e96b4c82ee7d794949e2a7c3b3a7201e968c7ecab9",
                "sha256:0cbe9848fad08baf71de1a39e12d1b6310f1d5b2d0ea4de051058e6e1076852d",
                "sha256:1b1766d6f397c18153d40015ddfc79ddb715cabadc04d2d228d4e5a8bc4ded1a",
                "sha256:33161613d2269025873025b33e879825ec7b1d831317e68f4f2f0f84ed14c719",
                "sha256:5039f55555e1eab31124a5768898c9e22c25a65c1e0037f4d7c495a45778c9f2",
                "sha256:522e26bbf6377e4d76403826ed689c295b0b238f46c28a7251ab94716da0b280",
                "sha256:56e454c7833e94ec9769fa0f86e6ff8e42ee38ce0ce1fa4cbb747ea7e06d56aa",
                "sha256:58f545efd1108e647604a1b5aa809591ccd2540f468a880bedb97247e72db387",
                "sha256:5e05b1c973a9f858c74367553e236f287e749465f773328c8ef31abe18f691e1",
                "sha256:7903ba8ab592b82014713c491f6c5d3a1cde5b4a3bf116404e08f5b52f6daf43",
                "sha256:8969bfd28e85c81f3f94eb4a66bc2cf1dbdc5c18efc320af34bffc54d6b1e38f",
                "sha256:92c8c1e89a1f5028a4c6d9e3ccbe311b6ba53694811269b992c0b224269e2398",
                "sha256:9c88793f78fca17da0145455f0d7826bcb9f37da4764af27ac945488116efe63",
                "sha256:a7ac231a08bb37f852849bbb387a20a57574a97cfc7b6cabb488a4fc8be176de",
                "sha256:abdde9f795cf292fb9651ed48185503a2ff29be87770c3b8e2a14b0cd7aa16f8",
                "sha256:af1da88f6bc3d2338ebbf0e22fe487821ea4d8e89053e25fa59d1d79786e7481",
                "sha256:b2a9ab7c279c91974f756c84c365a669a887efa287365a8e2c418f8b3ba73fb0",
                "sha256:bf837dc63ba5c06dc8797c398db1e223a466c7ece27a1f7b5232ba3466aafe3d",
                "sha256:ca51fcfcc5f9354c45f400059e88bc09215fb71a48d3768fb80e357f3b457e1e",
                "sha256:ce571367b6dfe60af04e04a1834ca2dc5f46004ac1cc756fb95319f64c095a96",
                "sha256:d208a0f8729f3fb790ed18a003f3a57895b989b40ea4dce4717e9cf4af62c6bb",
                "sha256:dbee87b469018961d1ad79b1a5d50c0ae850000b639bcb1b694e9981083243b6",
                "sha256:e9f4c4e51567b616be64e05d517c79a8a22f3606499941d97bb76f2ca59f982d",
                "sha256:f063b69b090c9d918f9df0a12116029e274daf0181df392839661c4c7ec9018a",
                "sha256:f9a909a8bae284d46bbfdefbdd4a262ba19d3bc9921b1e76126b1d21c3c34135"
            ],
            "markers": "python_version >= '3.8'",
            "version": "==1.23.5"
        },
        "pygame": {
            "hashes": [
                "sha256:009e9886a463f4cb86e5d11024fafb6b9a5f5808d21c4df66938922adc6ee90b",
                "sha256:06e8e4d04f8d57969689d9316bbffc7e4b9862534541535b6e892e410c4f4248",
                "sha256:0745fc99d104c71bf90c70c09a541b7922ba47391e16e9629490722fc1f3e46b",
                "sha256:0b182a6010f16571b1a92e34208ac1e9ad01a725f2fa3c1ad158c4b515ae12de",
                "sha256:0e8cb75c4cb8ae512e4f3d5410ea64359b049f7825a6e8a9010fdf5c539b8433",
                "sha256:154a0a0a953006e8ab90353055037b6710e00aa19941e2fbc1b4f0358e1a4882",
                "sha256:1758bbf986efc9f08344c7eae733f6d04f596745f737bc4c02412b809ac65d58",
                "sha256:1924826a32cc49c0d6b2e523f05e2ea608e1ff631ba595a910ddf37a8b38ee77",
                "sha256:1e083351df89cc0f9ce003cff003d420fa0362e9fd00a793c9a68fc8cd0a2e5f",
                "sha256:217072e80f470847e121b5c5658f89be35e2c1c3ab23d4126fe80fc64fd34d27",
                "sha256:21a4fbc7462d3b8bd9692a6198fb031a80a85e7ac24cfcee382901b2b57db67c",
                "sha256:240f920f846150ffb2c217d75cd1005989fbedd007df82949db361934bfa9660",
                "sha256:261fd434d869e1ae285b3ca90112d62c712fde53679e1bce3dfcee79e93f2b06",
                "sha256:2f2c3c25a1018495011dd0734df4f23ddf6e88037e884b9ecb03ef33a17c5b4c",
                "sha256:2fbbd59b95017824a9b7c3695b13f2df27a64c557c42970a6cad2e26dd5f4f31",
                "sha256:41baee1b5502b7472df0eb59af66ee347ac8ef042b08b553c85546e34daa736a",
                "sha256:45cfe97fa4de560d866f53afbf3c61136bfb4114eb585ac4b6c82c278baf2c1c",
                "sha256:4908fc837fd9f68b6cfdfeffb99b342c25cf770d76768498dc4c066c2f8b2776",
                "sha256:4ef7f1f7d37ffddee63569b5d09f693d0704b04e7c2ff5af90bf61e4cdffe6c7",
                "sha256:50934f9efc6f51d1c4408b607d34162f74ec0763628c6384e062f6bc3e97d98a",
                "sha256:55374e1afb72c6dc546fb1d9ac972de2adf642de69ec7003e66023254512f1e5",
                "sha256:5581841a9baa902d7efc243d3d03ae380f929e90d98ecccbbd49b1fa03e0a6ff",
                "sha256:5624318d189403dde7c58bdb62c340edd0faad6f18a6cf46a9f6923a66db2ba4",
                "sha256:565cccf5bf47e2ec577a0c237919aef9da66d075e982d339fae31e37734e02b8",
                "sha256:595b639fab8a1acafe78050ef71668eae0a22fb5efa022b0cd2bce26a15a371d",
                "sha256:6403f1705fc3b4fc2a51e06f3a7102cc1ed9884dc9ff5b99a4cac0d65255ad58",
                "sha256:64d37dc04a14df9519e2e87611cac6a144c6204365e3fdb0bfb86fa459e32f38",
                "sha256:6d138b15cf378b3755e1e48ea49f0f0406067ada2c176bc6489e70bc836ab72d",
                "sha256:704cb29a380b8e84d4051300e7eccd918e35cb8c44ae931fc0ec8c942e42c71f",
                "sha256:76f8207ed3feeda63df711245bec8613809b7aea71db7d0a1515268c5bd6f52d",
                "sha256:787c1f46905c2f6dd0310144fa7c61cb54d97990c477992601555edf01699f95",
                "sha256:787fff1984107da0c533d2e87c85b0082788c8b24952adf9f0bc6459be485e7f",
                "sha256:7b06978de0400276e451cbbbba80cc9566cf5663dbb8518b7ec598078440de06",
                "sha256:7cd54e859e1b626c332e254128db30e5d6d33544c10154a1ec7a052cac6a50a4",
                "sha256:867498b0ac20f5c981dcc3ee00262d06b3806b355c632f42c11f5b716ccb2ba1",
                "sha256:868ec3a2b87fdca43b4f4ef8314d4fb00c4d9ef6e732f5a9b0348ae3d015de3d",
                "sha256:8fa2701374d3125084b2fd1f9c6d056e7e0fb8ec655e46a5fa1531b7e419fa69",
                "sha256:97b0ec29c9810ca1125df013656e13a89388e5ca72fdd4d900235bceaed30349",
                "sha256:986805fbc0827bf8b8dd8c52aa4ce2fbd4475d51fe1df326bf3e788c1b9f59fd",
                "sha256:a0420eb1015abb3ebba4d29c1239010eac4d82a36b94659847d18af218293aa4",
                "sha256:a139c4290fa5227ccead2c57f6e41195c22f643e0fb7336c9da0c734c9df3cd4",
                "sha256:a9f24b4aeba86e882f3640c4251b0325f86556a5f2661bd7c9e3dc1c9fe966c6",
                "sha256:ab841fe3a4c703cc021d3bb466a9bf5df41edfa3267c44fff5bd6f47944cd4c3",
                "sha256:ad0835f1406a8589ebe7447801a47ff68c16b753d2b27193947e21c8adbac8c1",
                "sha256:af925800444941cea5e45eb94954e5335006fb1b5d35d996e22b3f616e9e0e8e",
                "sha256:b0bfcc7359308748edfe277137efd19f21e5b22373f106848d64dc048db22701",
                "sha256:b358abc054bf94fede79bb213f7ac9dd8a8737c8ac48a6bb0fa72314c147bd76",
                "sha256:b75481cc17a22679c69014ef2322d55cfa66be0923abbd9206e01ef10bb5dab6",
                "sha256:ba578c5cac85358566de3010b3f3393df3b936b310eba6811abbae5241ec19c0",
                "sha256:bc1bbb23e4f32b361956275bdde5992893981362fd37c0e62586537400bd4a4b",
                "sha256:bf1024e516fd3a3948ec45f0ad3b63e69f66c342e4678b2e04a383f735272b8f",
                "sha256:bf5b5fbb526fe76b0eb5a076b94afd29e0a91bc1ba9d6b573fad9722b7e8a5d9",
                "sha256:bfc8a0d863470ec673ff267caaff59b858e967ef78170dc04fc318a7c5f9dd33",
                "sha256:c473efee52359806d8c0a876f42ccb7ead088e7ae8f5d31e6e43f94793c943ea",
                "sha256:c9d827fbd093d5d4ef35bd9ec2994535b5f37af15860975be7e59a2d415b51c7",
                "sha256:caa4c10f79793b7be9eb1e647f84eee3e9ebb79d143d72eecaaaeb94eb44e1c1",
                "sha256:cb0493d0f7fa378fccfc65548aec92edeadbde981c964337f11c884432bfaa35",
                "sha256:cd259998a71a2f7793a4e5d5fc31493f7c7d9ec73e4320895145e7dbc1c8e48d",
                "sha256:d61bbd7a071d80706fd6337abd96484398dc04b3245e8e5df4e7c99e3676086b",
                "sha256:d9764bb10f61a1137aa1118b832417c52e53da19971f4fa94605ea5bd4acc92b",
                "sha256:df29c4369df9231eebffac801fa7af021279d7e9dc4c1cae698cc4077c98d069",
                "sha256:df450cc4342d5664accfdd895c5ee380710eaf16942722117c01deab3373bb35",
                "sha256:e18c6b0fa9e39ad3fe68e48ace92285c026ee70f05bf4dfa54a33fa89f7a0474",
                "sha256:e26c4bb679e7514a7f6c69ca8a68a495013bf46f200476d334459c44a733356f",
                "sha256:f04d89bdf7951e9fde68c7174b522befd9ae6e5c2a75d195435223df044aaacc",
                "sha256:f26e9f1385dddffe605d8afbcba1f90f81156deadbc27327dcc844eb71e24ffa",
                "sha256:f5760ea0f181c8395bc39fdb50000ce2b77d453ba4c0d98e00303a89af6ae5f0",
                "sha256:f71cfb9f161473511543ba8e713f1b34c6b00c70412ecd2d71111da82fe7f062",
                "sha256:f9fe7d817ae099f1b1fd0aac7502f7472a3ba18b068efa3dc30b5d293760565a",
                "sha256:fa8efe34b13a6bfb37e627c2b28e9967b87cd01de92cd000852e08ef8aed1cf0",
                "sha256:ff16c4cffa9958935d39eed73e5a707fc6e86b85f1ec06baf7172c555801730d"
            ],
            "index": "pypi",
            "version": "==2.1.3"
        },
        "setuptools": {
            "hashes": [
                "sha256:95f00380ef2ffa41d9bba85d95b27689d923c93dfbafed4aecd7cf988a25e012",
                "sha256:bb6d8e508de562768f2027902929f8523932fcd1fb784e6d573d2cafac995a48"
            ],
            "markers": "python_version >= '3.7'",
            "version": "==67.3.2"
        }
    },
    "develop": {}
}
